
Microsoft Visual Studio Solution File, Format Version 12.00
# Visual Studio Version 17
VisualStudioVersion = 17.1.32407.343
MinimumVisualStudioVersion = 10.0.40219.1
Project("{FAE04EC0-301F-11D3-BF4B-00C04F79EFBC}") = "Blazor_Forms", "Blazor_Forms\Blazor_Forms.csproj", "{28075D3C-B2DA-4B7F-9F9D-C754498DD36C}"
EndProject
Global
	GlobalSection(SolutionConfigurationPlatforms) = preSolution
		Debug|Any CPU = Debug|Any CPU
		Release|Any CPU = Release|Any CPU
	EndGlobalSection
	GlobalSection(ProjectConfigurationPlatforms) = postSolution
		{28075D3C-B2DA-4B7F-9F9D-C754498DD36C}.Debug|Any CPU.ActiveCfg = Debug|Any CPU
		{28075D3C-B2DA-4B7F-9F9D-C754498DD36C}.Debug|Any CPU.Build.0 = Debug|Any CPU
		{28075D3C-B2DA-4B7F-9F9D-C754498DD36C}.Release|Any CPU.ActiveCfg = Release|Any CPU
		{28075D3C-B2DA-4B7F-9F9D-C754498DD36C}.Release|Any CPU.Build.0 = Release|Any CPU
	EndGlobalSection
	GlobalSection(SolutionProperties) = preSolution
		HideSolutionNode = FALSE
	EndGlobalSection
	GlobalSection(ExtensibilityGlobals) = postSolution
		SolutionGuid = {696AFC41-1614-42AA-A524-F47E2911CB05}
	EndGlobalSection
EndGlobal
